{
  "nodes": {
    "nixpkgs": {
      "locked": {
        "lastModified": 1664266718,
        "narHash": "sha256-j2okM1ghRbJY1Akxpu/pkuxIvT9FSycLwUxAYUOr6PI=",
        "owner": "NixOS",
        "repo": "nixpkgs",
        "rev": "2e977bf954e84a981b15ff4d2442802ce9b675f9",
        "type": "github"
      },
      "original": {
        "id": "nixpkgs",
        "ref": "nixpkgs-unstable",
        "type": "indirect"
      }
    },
    "root": {
      "inputs": {
        "nixpkgs": "nixpkgs"
      }
    }
  },
  "root": "root",
  "version": 7
}
